# This file is automatically @generated by Cargo.
# It is not intended for manual editing.
version = 3

[[package]]
name = "ke2daira"
version = "0.1.0"
dependencies = [
 "mecab",
]

[[package]]
name = "mecab"
version = "0.1.4"
source = "registry+https://github.com/rust-lang/crates.io-index"
checksum = "70851fe1fef45770a28c07790f054f62fd8c0e73cecd5fd8aa6d0a36fb078f5f"
